// !$*UTF8*$!
{
	archiveVersion = 1;
	classes = {
	};
	objectVersion = 46;
	objects = {

/* Begin PBXBuildFile section */
		09630A2D1D06302F00561FEF /* emptyField.png in Resources */ = {isa = PBXBuildFile; fileRef = 09630A2C1D06302F00561FEF /* emptyField.png */; };
		238E56501CE521D100FD9C35 /* AppDelegate.swift in Sources */ = {isa = PBXBuildFile; fileRef = 238E564F1CE521D100FD9C35 /* AppDelegate.swift */; };
		238E56521CE521D100FD9C35 /* ViewController.swift in Sources */ = {isa = PBXBuildFile; fileRef = 238E56511CE521D100FD9C35 /* ViewController.swift */; };
		238E56551CE521D100FD9C35 /* Main.storyboard in Resources */ = {isa = PBXBuildFile; fileRef = 238E56531CE521D100FD9C35 /* Main.storyboard */; };
		238E56571CE521D100FD9C35 /* Assets.xcassets in Resources */ = {isa = PBXBuildFile; fileRef = 238E56561CE521D100FD9C35 /* Assets.xcassets */; };
		238E565A1CE521D100FD9C35 /* LaunchScreen.storyboard in Resources */ = {isa = PBXBuildFile; fileRef = 238E56581CE521D100FD9C35 /* LaunchScreen.storyboard */; };
		23D5E0B51D0505F300DFBA62 /* MySearchesTableViewController.swift in Sources */ = {isa = PBXBuildFile; fileRef = 23D5E0B41D0505F300DFBA62 /* MySearchesTableViewController.swift */; };
		23D5E0B81D05083700DFBA62 /* MySearchesTableViewCell.swift in Sources */ = {isa = PBXBuildFile; fileRef = 23D5E0B61D05083700DFBA62 /* MySearchesTableViewCell.swift */; };
		23D5E0B91D05083700DFBA62 /* MySearchesTableViewCell.xib in Resources */ = {isa = PBXBuildFile; fileRef = 23D5E0B71D05083700DFBA62 /* MySearchesTableViewCell.xib */; };
		23D5E0BC1D051DB500DFBA62 /* MyMatchesTableViewCell.swift in Sources */ = {isa = PBXBuildFile; fileRef = 23D5E0BA1D051DB500DFBA62 /* MyMatchesTableViewCell.swift */; };
		23D5E0BD1D051DB500DFBA62 /* MyMatchesTableViewCell.xib in Resources */ = {isa = PBXBuildFile; fileRef = 23D5E0BB1D051DB500DFBA62 /* MyMatchesTableViewCell.xib */; };
		23D5E0BF1D051DCC00DFBA62 /* MyMatchesTableViewController.swift in Sources */ = {isa = PBXBuildFile; fileRef = 23D5E0BE1D051DCC00DFBA62 /* MyMatchesTableViewController.swift */; };
		23DD54B21CFBCA82001D33FB /* ActivityDataSource.swift in Sources */ = {isa = PBXBuildFile; fileRef = 23DD54B11CFBCA82001D33FB /* ActivityDataSource.swift */; };
		23DD54B71CFBD252001D33FB /* ActivityTableViewCell.swift in Sources */ = {isa = PBXBuildFile; fileRef = 23DD54B51CFBD252001D33FB /* ActivityTableViewCell.swift */; };
		23DD54B81CFBD252001D33FB /* ActivityTableViewCell.xib in Resources */ = {isa = PBXBuildFile; fileRef = 23DD54B61CFBD252001D33FB /* ActivityTableViewCell.xib */; };
		23DD54BA1CFBDCD3001D33FB /* SearchCreateViewController.swift in Sources */ = {isa = PBXBuildFile; fileRef = 23DD54B91CFBDCD3001D33FB /* SearchCreateViewController.swift */; };
		23DD54BC1CFBF06C001D33FB /* ChatViewController.swift in Sources */ = {isa = PBXBuildFile; fileRef = 23DD54BB1CFBF06C001D33FB /* ChatViewController.swift */; };
		3173D7B02364F17AC7A6E37B /* Pods_uDown.framework in Frameworks */ = {isa = PBXBuildFile; fileRef = 435EA6CEF6F5E3F7EDDB59D0 /* Pods_uDown.framework */; };
		3C0E8D181CFB8F7B003BF8FA /* fbbutton.png in Resources */ = {isa = PBXBuildFile; fileRef = 3C0E8D141CFB8F7B003BF8FA /* fbbutton.png */; };
		3C0E8D191CFB8F7B003BF8FA /* getdown2.png in Resources */ = {isa = PBXBuildFile; fileRef = 3C0E8D151CFB8F7B003BF8FA /* getdown2.png */; };
		3C0E8D1A1CFB8F7B003BF8FA /* snoop.jpg in Resources */ = {isa = PBXBuildFile; fileRef = 3C0E8D161CFB8F7B003BF8FA /* snoop.jpg */; };
		3C0E8D1B1CFB8F7B003BF8FA /* texture.png in Resources */ = {isa = PBXBuildFile; fileRef = 3C0E8D171CFB8F7B003BF8FA /* texture.png */; };
		3C0E8D1D1CFB962E003BF8FA /* ActivityPickerViewController.swift in Sources */ = {isa = PBXBuildFile; fileRef = 3C0E8D1C1CFB962E003BF8FA /* ActivityPickerViewController.swift */; };
		3C0E8D1F1CFB9F54003BF8FA /* GoogleService-Info.plist in Resources */ = {isa = PBXBuildFile; fileRef = 3C0E8D1E1CFB9F54003BF8FA /* GoogleService-Info.plist */; };
		3C30BB571CF25BD40018730E /* ProfileViewController.swift in Sources */ = {isa = PBXBuildFile; fileRef = 3C30BB561CF25BD40018730E /* ProfileViewController.swift */; };
		3C30BB591CF25DD00018730E /* Constants.swift in Sources */ = {isa = PBXBuildFile; fileRef = 3C30BB581CF25DD00018730E /* Constants.swift */; };
		3C30BB5B1CF25E360018730E /* DataService.swift in Sources */ = {isa = PBXBuildFile; fileRef = 3C30BB5A1CF25E360018730E /* DataService.swift */; };
/* End PBXBuildFile section */

/* Begin PBXFileReference section */
		09630A2C1D06302F00561FEF /* emptyField.png */ = {isa = PBXFileReference; lastKnownFileType = image.png; path = emptyField.png; sourceTree = "<group>"; };
		238E564C1CE521D100FD9C35 /* uDown.app */ = {isa = PBXFileReference; explicitFileType = wrapper.application; includeInIndex = 0; path = uDown.app; sourceTree = BUILT_PRODUCTS_DIR; };
		238E564F1CE521D100FD9C35 /* AppDelegate.swift */ = {isa = PBXFileReference; lastKnownFileType = sourcecode.swift; path = AppDelegate.swift; sourceTree = "<group>"; };
		238E56511CE521D100FD9C35 /* ViewController.swift */ = {isa = PBXFileReference; lastKnownFileType = sourcecode.swift; path = ViewController.swift; sourceTree = "<group>"; };
		238E56541CE521D100FD9C35 /* Base */ = {isa = PBXFileReference; lastKnownFileType = file.storyboard; name = Base; path = Base.lproj/Main.storyboard; sourceTree = "<group>"; };
		238E56561CE521D100FD9C35 /* Assets.xcassets */ = {isa = PBXFileReference; lastKnownFileType = folder.assetcatalog; path = Assets.xcassets; sourceTree = "<group>"; };
		238E56591CE521D100FD9C35 /* Base */ = {isa = PBXFileReference; lastKnownFileType = file.storyboard; name = Base; path = Base.lproj/LaunchScreen.storyboard; sourceTree = "<group>"; };
		238E565B1CE521D100FD9C35 /* Info.plist */ = {isa = PBXFileReference; lastKnownFileType = text.plist.xml; path = Info.plist; sourceTree = "<group>"; };
		23D5E0B41D0505F300DFBA62 /* MySearchesTableViewController.swift */ = {isa = PBXFileReference; fileEncoding = 4; lastKnownFileType = sourcecode.swift; path = MySearchesTableViewController.swift; sourceTree = "<group>"; };
		23D5E0B61D05083700DFBA62 /* MySearchesTableViewCell.swift */ = {isa = PBXFileReference; fileEncoding = 4; lastKnownFileType = sourcecode.swift; path = MySearchesTableViewCell.swift; sourceTree = "<group>"; };
		23D5E0B71D05083700DFBA62 /* MySearchesTableViewCell.xib */ = {isa = PBXFileReference; fileEncoding = 4; lastKnownFileType = file.xib; path = MySearchesTableViewCell.xib; sourceTree = "<group>"; };
		23D5E0BA1D051DB500DFBA62 /* MyMatchesTableViewCell.swift */ = {isa = PBXFileReference; fileEncoding = 4; lastKnownFileType = sourcecode.swift; path = MyMatchesTableViewCell.swift; sourceTree = "<group>"; };
		23D5E0BB1D051DB500DFBA62 /* MyMatchesTableViewCell.xib */ = {isa = PBXFileReference; fileEncoding = 4; lastKnownFileType = file.xib; path = MyMatchesTableViewCell.xib; sourceTree = "<group>"; };
		23D5E0BE1D051DCC00DFBA62 /* MyMatchesTableViewController.swift */ = {isa = PBXFileReference; fileEncoding = 4; lastKnownFileType = sourcecode.swift; path = MyMatchesTableViewController.swift; sourceTree = "<group>"; };
		23DD54B11CFBCA82001D33FB /* ActivityDataSource.swift */ = {isa = PBXFileReference; fileEncoding = 4; lastKnownFileType = sourcecode.swift; path = ActivityDataSource.swift; sourceTree = "<group>"; };
		23DD54B51CFBD252001D33FB /* ActivityTableViewCell.swift */ = {isa = PBXFileReference; fileEncoding = 4; lastKnownFileType = sourcecode.swift; path = ActivityTableViewCell.swift; sourceTree = "<group>"; };
		23DD54B61CFBD252001D33FB /* ActivityTableViewCell.xib */ = {isa = PBXFileReference; fileEncoding = 4; lastKnownFileType = file.xib; path = ActivityTableViewCell.xib; sourceTree = "<group>"; };
		23DD54B91CFBDCD3001D33FB /* SearchCreateViewController.swift */ = {isa = PBXFileReference; fileEncoding = 4; lastKnownFileType = sourcecode.swift; path = SearchCreateViewController.swift; sourceTree = "<group>"; };
		23DD54BB1CFBF06C001D33FB /* ChatViewController.swift */ = {isa = PBXFileReference; fileEncoding = 4; lastKnownFileType = sourcecode.swift; path = ChatViewController.swift; sourceTree = "<group>"; };
		289A7CEFA867012891D9CB45 /* Pods-uDown.release.xcconfig */ = {isa = PBXFileReference; includeInIndex = 1; lastKnownFileType = text.xcconfig; name = "Pods-uDown.release.xcconfig"; path = "Pods/Target Support Files/Pods-uDown/Pods-uDown.release.xcconfig"; sourceTree = "<group>"; };
		3C0E8D141CFB8F7B003BF8FA /* fbbutton.png */ = {isa = PBXFileReference; lastKnownFileType = image.png; path = fbbutton.png; sourceTree = "<group>"; };
		3C0E8D151CFB8F7B003BF8FA /* getdown2.png */ = {isa = PBXFileReference; lastKnownFileType = image.png; path = getdown2.png; sourceTree = "<group>"; };
		3C0E8D161CFB8F7B003BF8FA /* snoop.jpg */ = {isa = PBXFileReference; lastKnownFileType = image.jpeg; path = snoop.jpg; sourceTree = "<group>"; };
		3C0E8D171CFB8F7B003BF8FA /* texture.png */ = {isa = PBXFileReference; lastKnownFileType = image.png; path = texture.png; sourceTree = "<group>"; };
		3C0E8D1C1CFB962E003BF8FA /* ActivityPickerViewController.swift */ = {isa = PBXFileReference; fileEncoding = 4; lastKnownFileType = sourcecode.swift; path = ActivityPickerViewController.swift; sourceTree = "<group>"; };
		3C0E8D1E1CFB9F54003BF8FA /* GoogleService-Info.plist */ = {isa = PBXFileReference; fileEncoding = 4; lastKnownFileType = text.plist.xml; path = "GoogleService-Info.plist"; sourceTree = "<group>"; };
		3C30BB561CF25BD40018730E /* ProfileViewController.swift */ = {isa = PBXFileReference; fileEncoding = 4; lastKnownFileType = sourcecode.swift; path = ProfileViewController.swift; sourceTree = "<group>"; };
		3C30BB581CF25DD00018730E /* Constants.swift */ = {isa = PBXFileReference; fileEncoding = 4; lastKnownFileType = sourcecode.swift; path = Constants.swift; sourceTree = "<group>"; };
		3C30BB5A1CF25E360018730E /* DataService.swift */ = {isa = PBXFileReference; fileEncoding = 4; lastKnownFileType = sourcecode.swift; path = DataService.swift; sourceTree = "<group>"; };
		435EA6CEF6F5E3F7EDDB59D0 /* Pods_uDown.framework */ = {isa = PBXFileReference; explicitFileType = wrapper.framework; includeInIndex = 0; path = Pods_uDown.framework; sourceTree = BUILT_PRODUCTS_DIR; };
		4FC46A3F72CAC2E278CC5D09 /* Pods-uDown.debug.xcconfig */ = {isa = PBXFileReference; includeInIndex = 1; lastKnownFileType = text.xcconfig; name = "Pods-uDown.debug.xcconfig"; path = "Pods/Target Support Files/Pods-uDown/Pods-uDown.debug.xcconfig"; sourceTree = "<group>"; };
/* End PBXFileReference section */

/* Begin PBXFrameworksBuildPhase section */
		238E56491CE521D100FD9C35 /* Frameworks */ = {
			isa = PBXFrameworksBuildPhase;
			buildActionMask = 2147483647;
			files = (
				3173D7B02364F17AC7A6E37B /* Pods_uDown.framework in Frameworks */,
			);
			runOnlyForDeploymentPostprocessing = 0;
		};
/* End PBXFrameworksBuildPhase section */

/* Begin PBXGroup section */
		238E56431CE521D100FD9C35 = {
			isa = PBXGroup;
			children = (
				238E564E1CE521D100FD9C35 /* uDown */,
				238E564D1CE521D100FD9C35 /* Products */,
				AB21BA0257880F8952A7DD13 /* Pods */,
				D2F0BF0B7022C0A0DE0061EC /* Frameworks */,
			);
			sourceTree = "<group>";
		};
		238E564D1CE521D100FD9C35 /* Products */ = {
			isa = PBXGroup;
			children = (
				238E564C1CE521D100FD9C35 /* uDown.app */,
			);
			name = Products;
			sourceTree = "<group>";
		};
		238E564E1CE521D100FD9C35 /* uDown */ = {
			isa = PBXGroup;
			children = (
				09630A2C1D06302F00561FEF /* emptyField.png */,
				3C0E8D141CFB8F7B003BF8FA /* fbbutton.png */,
				3C0E8D151CFB8F7B003BF8FA /* getdown2.png */,
				3C0E8D161CFB8F7B003BF8FA /* snoop.jpg */,
				3C0E8D171CFB8F7B003BF8FA /* texture.png */,
				238E564F1CE521D100FD9C35 /* AppDelegate.swift */,
				238E56511CE521D100FD9C35 /* ViewController.swift */,
				238E56531CE521D100FD9C35 /* Main.storyboard */,
				3C30BB561CF25BD40018730E /* ProfileViewController.swift */,
				238E56561CE521D100FD9C35 /* Assets.xcassets */,
				238E56581CE521D100FD9C35 /* LaunchScreen.storyboard */,
				3C0E8D1E1CFB9F54003BF8FA /* GoogleService-Info.plist */,
				238E565B1CE521D100FD9C35 /* Info.plist */,
				3C30BB581CF25DD00018730E /* Constants.swift */,
				3C30BB5A1CF25E360018730E /* DataService.swift */,
				23DD54B11CFBCA82001D33FB /* ActivityDataSource.swift */,
				3C0E8D1C1CFB962E003BF8FA /* ActivityPickerViewController.swift */,
				23DD54B51CFBD252001D33FB /* ActivityTableViewCell.swift */,
				23DD54B61CFBD252001D33FB /* ActivityTableViewCell.xib */,
				23DD54BB1CFBF06C001D33FB /* ChatViewController.swift */,
				23DD54B91CFBDCD3001D33FB /* SearchCreateViewController.swift */,
				23D5E0B41D0505F300DFBA62 /* MySearchesTableViewController.swift */,
				23D5E0B61D05083700DFBA62 /* MySearchesTableViewCell.swift */,
				23D5E0B71D05083700DFBA62 /* MySearchesTableViewCell.xib */,
				23D5E0BE1D051DCC00DFBA62 /* MyMatchesTableViewController.swift */,
				23D5E0BA1D051DB500DFBA62 /* MyMatchesTableViewCell.swift */,
				23D5E0BB1D051DB500DFBA62 /* MyMatchesTableViewCell.xib */,
			);
			path = uDown;
			sourceTree = "<group>";
		};
		AB21BA0257880F8952A7DD13 /* Pods */ = {
			isa = PBXGroup;
			children = (
				4FC46A3F72CAC2E278CC5D09 /* Pods-uDown.debug.xcconfig */,
				289A7CEFA867012891D9CB45 /* Pods-uDown.release.xcconfig */,
			);
			name = Pods;
			sourceTree = "<group>";
		};
		D2F0BF0B7022C0A0DE0061EC /* Frameworks */ = {
			isa = PBXGroup;
			children = (
				435EA6CEF6F5E3F7EDDB59D0 /* Pods_uDown.framework */,
			);
			name = Frameworks;
			sourceTree = "<group>";
		};
/* End PBXGroup section */

/* Begin PBXNativeTarget section */
		238E564B1CE521D100FD9C35 /* uDown */ = {
			isa = PBXNativeTarget;
			buildConfigurationList = 238E565E1CE521D100FD9C35 /* Build configuration list for PBXNativeTarget "uDown" */;
			buildPhases = (
				533FDDCA9B2D7B13893D2A34 /* 📦 Check Pods Manifest.lock */,
				238E56481CE521D100FD9C35 /* Sources */,
				238E56491CE521D100FD9C35 /* Frameworks */,
				238E564A1CE521D100FD9C35 /* Resources */,
				F23CE129E09F95DFFF2B3906 /* 📦 Embed Pods Frameworks */,
				2FB0FCF7D6AC651A71F9E29F /* 📦 Copy Pods Resources */,
			);
			buildRules = (
			);
			dependencies = (
			);
			name = uDown;
			productName = uDown;
			productReference = 238E564C1CE521D100FD9C35 /* uDown.app */;
			productType = "com.apple.product-type.application";
		};
/* End PBXNativeTarget section */

/* Begin PBXProject section */
		238E56441CE521D100FD9C35 /* Project object */ = {
			isa = PBXProject;
			attributes = {
				LastSwiftUpdateCheck = 0730;
				LastUpgradeCheck = 0730;
				ORGANIZATIONNAME = "Rachit Crew";
				TargetAttributes = {
					238E564B1CE521D100FD9C35 = {
						CreatedOnToolsVersion = 7.3;
					};
				};
			};
			buildConfigurationList = 238E56471CE521D100FD9C35 /* Build configuration list for PBXProject "uDown" */;
			compatibilityVersion = "Xcode 3.2";
			developmentRegion = English;
			hasScannedForEncodings = 0;
			knownRegions = (
				en,
				Base,
			);
			mainGroup = 238E56431CE521D100FD9C35;
			productRefGroup = 238E564D1CE521D100FD9C35 /* Products */;
			projectDirPath = "";
			projectRoot = "";
			targets = (
				238E564B1CE521D100FD9C35 /* uDown */,
			);
		};
/* End PBXProject section */

/* Begin PBXResourcesBuildPhase section */
		238E564A1CE521D100FD9C35 /* Resources */ = {
			isa = PBXResourcesBuildPhase;
			buildActionMask = 2147483647;
			files = (
				238E565A1CE521D100FD9C35 /* LaunchScreen.storyboard in Resources */,
				23DD54B81CFBD252001D33FB /* ActivityTableViewCell.xib in Resources */,
				3C0E8D1F1CFB9F54003BF8FA /* GoogleService-Info.plist in Resources */,
				3C0E8D1B1CFB8F7B003BF8FA /* texture.png in Resources */,
				3C0E8D1A1CFB8F7B003BF8FA /* snoop.jpg in Resources */,
				23D5E0B91D05083700DFBA62 /* MySearchesTableViewCell.xib in Resources */,
				23D5E0BD1D051DB500DFBA62 /* MyMatchesTableViewCell.xib in Resources */,
				238E56571CE521D100FD9C35 /* Assets.xcassets in Resources */,
				09630A2D1D06302F00561FEF /* emptyField.png in Resources */,
				3C0E8D191CFB8F7B003BF8FA /* getdown2.png in Resources */,
				238E56551CE521D100FD9C35 /* Main.storyboard in Resources */,
				3C0E8D181CFB8F7B003BF8FA /* fbbutton.png in Resources */,
			);
			runOnlyForDeploymentPostprocessing = 0;
		};
/* End PBXResourcesBuildPhase section */

/* Begin PBXShellScriptBuildPhase section */
		2FB0FCF7D6AC651A71F9E29F /* 📦 Copy Pods Resources */ = {
			isa = PBXShellScriptBuildPhase;
			buildActionMask = 2147483647;
			files = (
			);
			inputPaths = (
			);
			name = "📦 Copy Pods Resources";
			outputPaths = (
			);
			runOnlyForDeploymentPostprocessing = 0;
			shellPath = /bin/sh;
			shellScript = "\"${SRCROOT}/Pods/Target Support Files/Pods-uDown/Pods-uDown-resources.sh\"\n";
			showEnvVarsInLog = 0;
		};
		533FDDCA9B2D7B13893D2A34 /* 📦 Check Pods Manifest.lock */ = {
			isa = PBXShellScriptBuildPhase;
			buildActionMask = 2147483647;
			files = (
			);
			inputPaths = (
			);
			name = "📦 Check Pods Manifest.lock";
			outputPaths = (
			);
			runOnlyForDeploymentPostprocessing = 0;
			shellPath = /bin/sh;
			shellScript = "diff \"${PODS_ROOT}/../Podfile.lock\" \"${PODS_ROOT}/Manifest.lock\" > /dev/null\nif [[ $? != 0 ]] ; then\n    cat << EOM\nerror: The sandbox is not in sync with the Podfile.lock. Run 'pod install' or update your CocoaPods installation.\nEOM\n    exit 1\nfi\n";
			showEnvVarsInLog = 0;
		};
		F23CE129E09F95DFFF2B3906 /* 📦 Embed Pods Frameworks */ = {
			isa = PBXShellScriptBuildPhase;
			buildActionMask = 2147483647;
			files = (
			);
			inputPaths = (
			);
			name = "📦 Embed Pods Frameworks";
			outputPaths = (
			);
			runOnlyForDeploymentPostprocessing = 0;
			shellPath = /bin/sh;
			shellScript = "\"${SRCROOT}/Pods/Target Support Files/Pods-uDown/Pods-uDown-frameworks.sh\"\n";
			showEnvVarsInLog = 0;
		};
/* End PBXShellScriptBuildPhase section */

/* Begin PBXSourcesBuildPhase section */
		238E56481CE521D100FD9C35 /* Sources */ = {
			isa = PBXSourcesBuildPhase;
			buildActionMask = 2147483647;
			files = (
				3C30BB571CF25BD40018730E /* ProfileViewController.swift in Sources */,
				238E56521CE521D100FD9C35 /* ViewController.swift in Sources */,
				23DD54B21CFBCA82001D33FB /* ActivityDataSource.swift in Sources */,
				23D5E0B81D05083700DFBA62 /* MySearchesTableViewCell.swift in Sources */,
				238E56501CE521D100FD9C35 /* AppDelegate.swift in Sources */,
				3C0E8D1D1CFB962E003BF8FA /* ActivityPickerViewController.swift in Sources */,
				3C30BB591CF25DD00018730E /* Constants.swift in Sources */,
				23D5E0BC1D051DB500DFBA62 /* MyMatchesTableViewCell.swift in Sources */,
				23D5E0B51D0505F300DFBA62 /* MySearchesTableViewController.swift in Sources */,
				23D5E0BF1D051DCC00DFBA62 /* MyMatchesTableViewController.swift in Sources */,
				23DD54B71CFBD252001D33FB /* ActivityTableViewCell.swift in Sources */,
				23DD54BA1CFBDCD3001D33FB /* SearchCreateViewController.swift in Sources */,
				23DD54BC1CFBF06C001D33FB /* ChatViewController.swift in Sources */,
				3C30BB5B1CF25E360018730E /* DataService.swift in Sources */,
			);
			runOnlyForDeploymentPostprocessing = 0;
		};
/* End PBXSourcesBuildPhase section */

/* Begin PBXVariantGroup section */
		238E56531CE521D100FD9C35 /* Main.storyboard */ = {
			isa = PBXVariantGroup;
			children = (
				238E56541CE521D100FD9C35 /* Base */,
			);
			name = Main.storyboard;
			sourceTree = "<group>";
		};
		238E56581CE521D100FD9C35 /* LaunchScreen.storyboard */ = {
			isa = PBXVariantGroup;
			children = (
				238E56591CE521D100FD9C35 /* Base */,
			);
			name = LaunchScreen.storyboard;
			sourceTree = "<group>";
		};
/* End PBXVariantGroup section */

/* Begin XCBuildConfiguration section */
		238E565C1CE521D100FD9C35 /* Debug */ = {
			isa = XCBuildConfiguration;
			buildSettings = {
				ALWAYS_SEARCH_USER_PATHS = NO;
				CLANG_ANALYZER_NONNULL = YES;
				CLANG_CXX_LANGUAGE_STANDARD = "gnu++0x";
				CLANG_CXX_LIBRARY = "libc++";
				CLANG_ENABLE_MODULES = YES;
				CLANG_ENABLE_OBJC_ARC = YES;
				CLANG_WARN_BOOL_CONVERSION = YES;
				CLANG_WARN_CONSTANT_CONVERSION = YES;
				CLANG_WARN_DIRECT_OBJC_ISA_USAGE = YES_ERROR;
				CLANG_WARN_EMPTY_BODY = YES;
				CLANG_WARN_ENUM_CONVERSION = YES;
				CLANG_WARN_INT_CONVERSION = YES;
				CLANG_WARN_OBJC_ROOT_CLASS = YES_ERROR;
				CLANG_WARN_UNREACHABLE_CODE = YES;
				CLANG_WARN__DUPLICATE_METHOD_MATCH = YES;
				"CODE_SIGN_IDENTITY[sdk=iphoneos*]" = "iPhone Developer";
				COPY_PHASE_STRIP = NO;
				DEBUG_INFORMATION_FORMAT = dwarf;
				ENABLE_STRICT_OBJC_MSGSEND = YES;
				ENABLE_TESTABILITY = YES;
				GCC_C_LANGUAGE_STANDARD = gnu99;
				GCC_DYNAMIC_NO_PIC = NO;
				GCC_NO_COMMON_BLOCKS = YES;
				GCC_OPTIMIZATION_LEVEL = 0;
				GCC_PREPROCESSOR_DEFINITIONS = (
					"DEBUG=1",
					"$(inherited)",
				);
				GCC_WARN_64_TO_32_BIT_CONVERSION = YES;
				GCC_WARN_ABOUT_RETURN_TYPE = YES_ERROR;
				GCC_WARN_UNDECLARED_SELECTOR = YES;
				GCC_WARN_UNINITIALIZED_AUTOS = YES_AGGRESSIVE;
				GCC_WARN_UNUSED_FUNCTION = YES;
				GCC_WARN_UNUSED_VARIABLE = YES;
				IPHONEOS_DEPLOYMENT_TARGET = 9.3;
				MTL_ENABLE_DEBUG_INFO = YES;
				ONLY_ACTIVE_ARCH = YES;
				SDKROOT = iphoneos;
				SWIFT_OPTIMIZATION_LEVEL = "-Onone";
			};
			name = Debug;
		};
		238E565D1CE521D100FD9C35 /* Release */ = {
			isa = XCBuildConfiguration;
			buildSettings = {
				ALWAYS_SEARCH_USER_PATHS = NO;
				CLANG_ANALYZER_NONNULL = YES;
				CLANG_CXX_LANGUAGE_STANDARD = "gnu++0x";
				CLANG_CXX_LIBRARY = "libc++";
				CLANG_ENABLE_MODULES = YES;
				CLANG_ENABLE_OBJC_ARC = YES;
				CLANG_WARN_BOOL_CONVERSION = YES;
				CLANG_WARN_CONSTANT_CONVERSION = YES;
				CLANG_WARN_DIRECT_OBJC_ISA_USAGE = YES_ERROR;
				CLANG_WARN_EMPTY_BODY = YES;
				CLANG_WARN_ENUM_CONVERSION = YES;
				CLANG_WARN_INT_CONVERSION = YES;
				CLANG_WARN_OBJC_ROOT_CLASS = YES_ERROR;
				CLANG_WARN_UNREACHABLE_CODE = YES;
				CLANG_WARN__DUPLICATE_METHOD_MATCH = YES;
				"CODE_SIGN_IDENTITY[sdk=iphoneos*]" = "iPhone Developer";
				COPY_PHASE_STRIP = NO;
				DEBUG_INFORMATION_FORMAT = "dwarf-with-dsym";
				ENABLE_NS_ASSERTIONS = NO;
				ENABLE_STRICT_OBJC_MSGSEND = YES;
				GCC_C_LANGUAGE_STANDARD = gnu99;
				GCC_NO_COMMON_BLOCKS = YES;
				GCC_WARN_64_TO_32_BIT_CONVERSION = YES;
				GCC_WARN_ABOUT_RETURN_TYPE = YES_ERROR;
				GCC_WARN_UNDECLARED_SELECTOR = YES;
				GCC_WARN_UNINITIALIZED_AUTOS = YES_AGGRESSIVE;
				GCC_WARN_UNUSED_FUNCTION = YES;
				GCC_WARN_UNUSED_VARIABLE = YES;
				IPHONEOS_DEPLOYMENT_TARGET = 9.3;
				MTL_ENABLE_DEBUG_INFO = NO;
				SDKROOT = iphoneos;
				VALIDATE_PRODUCT = YES;
			};
			name = Release;
		};
		238E565F1CE521D100FD9C35 /* Debug */ = {
			isa = XCBuildConfiguration;
			baseConfigurationReference = 4FC46A3F72CAC2E278CC5D09 /* Pods-uDown.debug.xcconfig */;
			buildSettings = {
				ASSETCATALOG_COMPILER_APPICON_NAME = AppIcon;
				FRAMEWORK_SEARCH_PATHS = (
					"$(inherited)",
					"$(PROJECT_DIR)",
				);
				INFOPLIST_FILE = uDown/Info.plist;
				IPHONEOS_DEPLOYMENT_TARGET = 8.3;
				LD_RUNPATH_SEARCH_PATHS = "$(inherited) @executable_path/Frameworks";
				PRODUCT_BUNDLE_IDENTIFIER = com.oscarpan.ece158.uDown;
				PRODUCT_NAME = "$(TARGET_NAME)";
			};
			name = Debug;
		};
		238E56601CE521D100FD9C35 /* Release */ = {
			isa = XCBuildConfiguration;
			baseConfigurationReference = 289A7CEFA867012891D9CB45 /* Pods-uDown.release.xcconfig */;
			buildSettings = {
				ASSETCATALOG_COMPILER_APPICON_NAME = AppIcon;
				FRAMEWORK_SEARCH_PATHS = (
					"$(inherited)",
					"$(PROJECT_DIR)",
				);
				INFOPLIST_FILE = uDown/Info.plist;
				IPHONEOS_DEPLOYMENT_TARGET = 8.3;
				LD_RUNPATH_SEARCH_PATHS = "$(inherited) @executable_path/Frameworks";
				PRODUCT_BUNDLE_IDENTIFIER = com.oscarpan.ece158.uDown;
				PRODUCT_NAME = "$(TARGET_NAME)";
			};
			name = Release;
		};
/* End XCBuildConfiguration section */

/* Begin XCConfigurationList section */
		238E56471CE521D100FD9C35 /* Build configuration list for PBXProject "uDown" */ = {
			isa = XCConfigurationList;
			buildConfigurations = (
				238E565C1CE521D100FD9C35 /* Debug */,
				238E565D1CE521D100FD9C35 /* Release */,
			);
			defaultConfigurationIsVisible = 0;
			defaultConfigurationName = Release;
		};
		238E565E1CE521D100FD9C35 /* Build configuration list for PBXNativeTarget "uDown" */ = {
			isa = XCConfigurationList;
			buildConfigurations = (
				238E565F1CE521D100FD9C35 /* Debug */,
				238E56601CE521D100FD9C35 /* Release */,
			);
			defaultConfigurationIsVisible = 0;
			defaultConfigurationName = Release;
		};
/* End XCConfigurationList section */
	};
	rootObject = 238E56441CE521D100FD9C35 /* Project object */;
}
